
Microsoft Visual Studio Solution File, Format Version 12.00
# Visual Studio Version 16
VisualStudioVersion = 16.0.33529.622
MinimumVisualStudioVersion = 10.0.40219.1
Project("{FAE04EC0-301F-11D3-BF4B-00C04F79EFBC}") = "Operators", "Operators\Operators.csproj", "{459AB11C-07FD-4003-A48B-BA4DDA806FEE}"
EndProject
Global
	GlobalSection(SolutionConfigurationPlatforms) = preSolution
		Debug|Any CPU = Debug|Any CPU
		Release|Any CPU = Release|Any CPU
	EndGlobalSection
	GlobalSection(ProjectConfigurationPlatforms) = postSolution
		{459AB11C-07FD-4003-A48B-BA4DDA806FEE}.Debug|Any CPU.ActiveCfg = Debug|Any CPU
		{459AB11C-07FD-4003-A48B-BA4DDA806FEE}.Debug|Any CPU.Build.0 = Debug|Any CPU
		{459AB11C-07FD-4003-A48B-BA4DDA806FEE}.Release|Any CPU.ActiveCfg = Release|Any CPU
		{459AB11C-07FD-4003-A48B-BA4DDA806FEE}.Release|Any CPU.Build.0 = Release|Any CPU
	EndGlobalSection
	GlobalSection(SolutionProperties) = preSolution
		HideSolutionNode = FALSE
	EndGlobalSection
	GlobalSection(ExtensibilityGlobals) = postSolution
		SolutionGuid = {748D7357-4D56-4609-B173-8B95EE17245E}
	EndGlobalSection
EndGlobal
